
Microsoft Visual Studio Solution File, Format Version 12.00
# Visual Studio Version 17
VisualStudioVersion = 17.7.34221.43
MinimumVisualStudioVersion = 10.0.40219.1
Project("{FAE04EC0-301F-11D3-BF4B-00C04F79EFBC}") = "Emp_Data_CRUD", "Emp_Data_CRUD\Emp_Data_CRUD.csproj", "{FC4ADF55-00F8-46B9-886C-84482B3F7E22}"
EndProject
Global
	GlobalSection(SolutionConfigurationPlatforms) = preSolution
		Debug|Any CPU = Debug|Any CPU
		Release|Any CPU = Release|Any CPU
	EndGlobalSection
	GlobalSection(ProjectConfigurationPlatforms) = postSolution
		{FC4ADF55-00F8-46B9-886C-84482B3F7E22}.Debug|Any CPU.ActiveCfg = Debug|Any CPU
		{FC4ADF55-00F8-46B9-886C-84482B3F7E22}.Debug|Any CPU.Build.0 = Debug|Any CPU
		{FC4ADF55-00F8-46B9-886C-84482B3F7E22}.Release|Any CPU.ActiveCfg = Release|Any CPU
		{FC4ADF55-00F8-46B9-886C-84482B3F7E22}.Release|Any CPU.Build.0 = Release|Any CPU
	EndGlobalSection
	GlobalSection(SolutionProperties) = preSolution
		HideSolutionNode = FALSE
	EndGlobalSection
	GlobalSection(ExtensibilityGlobals) = postSolution
		SolutionGuid = {EB220017-27AF-4E81-BFBA-78F90D7A2BF3}
	EndGlobalSection
EndGlobal
